
Microsoft Visual Studio Solution File, Format Version 12.00
# Visual Studio Version 17
VisualStudioVersion = 17.13.35931.197 d17.13
MinimumVisualStudioVersion = 10.0.40219.1
Project("{FAE04EC0-301F-11D3-BF4B-00C04F79EFBC}") = "Beginner_Excercises", "Beginner_Excercises.csproj", "{D8E8253C-2B09-4319-BF22-1F2C1FC4B253}"
EndProject
Global
	GlobalSection(SolutionConfigurationPlatforms) = preSolution
		Debug|Any CPU = Debug|Any CPU
		Release|Any CPU = Release|Any CPU
	EndGlobalSection
	GlobalSection(ProjectConfigurationPlatforms) = postSolution
		{D8E8253C-2B09-4319-BF22-1F2C1FC4B253}.Debug|Any CPU.ActiveCfg = Debug|Any CPU
		{D8E8253C-2B09-4319-BF22-1F2C1FC4B253}.Debug|Any CPU.Build.0 = Debug|Any CPU
		{D8E8253C-2B09-4319-BF22-1F2C1FC4B253}.Release|Any CPU.ActiveCfg = Release|Any CPU
		{D8E8253C-2B09-4319-BF22-1F2C1FC4B253}.Release|Any CPU.Build.0 = Release|Any CPU
	EndGlobalSection
	GlobalSection(SolutionProperties) = preSolution
		HideSolutionNode = FALSE
	EndGlobalSection
	GlobalSection(ExtensibilityGlobals) = postSolution
		SolutionGuid = {FB8943C6-EF75-496A-913B-30D36A59962C}
	EndGlobalSection
EndGlobal
